// !$*UTF8*$!
{
	archiveVersion = 1;
	classes = {
	};
	objectVersion = 46;
	objects = {

/* Begin PBXBuildFile section */
		7589ABA11F6128DC0094843B /* AppDelegate.m in Sources */ = {isa = PBXBuildFile; fileRef = 7589ABA01F6128DC0094843B /* AppDelegate.m */; };
		7589ABA41F6128DC0094843B /* ViewController.m in Sources */ = {isa = PBXBuildFile; fileRef = 7589ABA31F6128DC0094843B /* ViewController.m */; };
		7589ABA71F6128DC0094843B /* Main.storyboard in Resources */ = {isa = PBXBuildFile; fileRef = 7589ABA51F6128DC0094843B /* Main.storyboard */; };
		7589ABA91F6128DC0094843B /* Assets.xcassets in Resources */ = {isa = PBXBuildFile; fileRef = 7589ABA81F6128DC0094843B /* Assets.xcassets */; };
		7589ABAC1F6128DC0094843B /* LaunchScreen.storyboard in Resources */ = {isa = PBXBuildFile; fileRef = 7589ABAA1F6128DC0094843B /* LaunchScreen.storyboard */; };
		7589ABB51F615E0C0094843B /* GoogleService-Info.plist in Resources */ = {isa = PBXBuildFile; fileRef = 7589ABB41F615E0C0094843B /* GoogleService-Info.plist */; };
		7589ABC01F6169410094843B /* Foundation.framework in Frameworks */ = {isa = PBXBuildFile; fileRef = 7589ABB61F615EE10094843B /* Foundation.framework */; };
		7589ABC31F616BFD0094843B /* main.m in Sources */ = {isa = PBXBuildFile; fileRef = 7589AB9D1F6128DC0094843B /* main.m */; };
		7589ABCD1F62A24C0094843B /* VizuryEventLogger.framework in Frameworks */ = {isa = PBXBuildFile; fileRef = 7589ABCC1F62A24C0094843B /* VizuryEventLogger.framework */; };
		E08F41A96BBA5E5AD502D4C7 /* libPods-HelloVizury.a in Frameworks */ = {isa = PBXBuildFile; fileRef = CA8A97100973A59C9D120205 /* libPods-HelloVizury.a */; };
/* End PBXBuildFile section */

/* Begin PBXFileReference section */
		11BE2A9F9A4D05304840D264 /* Pods-HelloVizury.release.xcconfig */ = {isa = PBXFileReference; includeInIndex = 1; lastKnownFileType = text.xcconfig; name = "Pods-HelloVizury.release.xcconfig"; path = "Pods/Target Support Files/Pods-HelloVizury/Pods-HelloVizury.release.xcconfig"; sourceTree = "<group>"; };
		620AFF424C74C9D79D364534 /* Pods-HelloVizury.debug.xcconfig */ = {isa = PBXFileReference; includeInIndex = 1; lastKnownFileType = text.xcconfig; name = "Pods-HelloVizury.debug.xcconfig"; path = "Pods/Target Support Files/Pods-HelloVizury/Pods-HelloVizury.debug.xcconfig"; sourceTree = "<group>"; };
		7589AB991F6128DC0094843B /* HelloVizury.app */ = {isa = PBXFileReference; explicitFileType = wrapper.application; includeInIndex = 0; path = HelloVizury.app; sourceTree = BUILT_PRODUCTS_DIR; };
		7589AB9D1F6128DC0094843B /* main.m */ = {isa = PBXFileReference; lastKnownFileType = sourcecode.c.objc; path = main.m; sourceTree = "<group>"; };
		7589AB9F1F6128DC0094843B /* AppDelegate.h */ = {isa = PBXFileReference; lastKnownFileType = sourcecode.c.h; path = AppDelegate.h; sourceTree = "<group>"; };
		7589ABA01F6128DC0094843B /* AppDelegate.m */ = {isa = PBXFileReference; lastKnownFileType = sourcecode.c.objc; path = AppDelegate.m; sourceTree = "<group>"; };
		7589ABA21F6128DC0094843B /* ViewController.h */ = {isa = PBXFileReference; lastKnownFileType = sourcecode.c.h; path = ViewController.h; sourceTree = "<group>"; };
		7589ABA31F6128DC0094843B /* ViewController.m */ = {isa = PBXFileReference; lastKnownFileType = sourcecode.c.objc; path = ViewController.m; sourceTree = "<group>"; };
		7589ABA61F6128DC0094843B /* Base */ = {isa = PBXFileReference; lastKnownFileType = file.storyboard; name = Base; path = Base.lproj/Main.storyboard; sourceTree = "<group>"; };
		7589ABA81F6128DC0094843B /* Assets.xcassets */ = {isa = PBXFileReference; lastKnownFileType = folder.assetcatalog; path = Assets.xcassets; sourceTree = "<group>"; };
		7589ABAB1F6128DC0094843B /* Base */ = {isa = PBXFileReference; lastKnownFileType = file.storyboard; name = Base; path = Base.lproj/LaunchScreen.storyboard; sourceTree = "<group>"; };
		7589ABAD1F6128DC0094843B /* Info.plist */ = {isa = PBXFileReference; lastKnownFileType = text.plist.xml; path = Info.plist; sourceTree = "<group>"; };
		7589ABB31F612B8B0094843B /* HelloVizury.entitlements */ = {isa = PBXFileReference; lastKnownFileType = text.plist.entitlements; path = HelloVizury.entitlements; sourceTree = "<group>"; };
		7589ABB41F615E0C0094843B /* GoogleService-Info.plist */ = {isa = PBXFileReference; fileEncoding = 4; lastKnownFileType = text.plist.xml; path = "GoogleService-Info.plist"; sourceTree = SOURCE_ROOT; };
		7589ABB61F615EE10094843B /* Foundation.framework */ = {isa = PBXFileReference; lastKnownFileType = wrapper.framework; name = Foundation.framework; path = System/Library/Frameworks/Foundation.framework; sourceTree = SDKROOT; };
		7589ABCC1F62A24C0094843B /* VizuryEventLogger.framework */ = {isa = PBXFileReference; lastKnownFileType = wrapper.framework; path = VizuryEventLogger.framework; sourceTree = "<group>"; };
		CA8A97100973A59C9D120205 /* libPods-HelloVizury.a */ = {isa = PBXFileReference; explicitFileType = archive.ar; includeInIndex = 0; path = "libPods-HelloVizury.a"; sourceTree = BUILT_PRODUCTS_DIR; };
/* End PBXFileReference section */

/* Begin PBXFrameworksBuildPhase section */
		7589AB961F6128DC0094843B /* Frameworks */ = {
			isa = PBXFrameworksBuildPhase;
			buildActionMask = 2147483647;
			files = (
				7589ABCD1F62A24C0094843B /* VizuryEventLogger.framework in Frameworks */,
				7589ABC01F6169410094843B /* Foundation.framework in Frameworks */,
				E08F41A96BBA5E5AD502D4C7 /* libPods-HelloVizury.a in Frameworks */,
			);
			runOnlyForDeploymentPostprocessing = 0;
		};
/* End PBXFrameworksBuildPhase section */

/* Begin PBXGroup section */
		2454E169A0C87202A55A2300 /* Pods */ = {
			isa = PBXGroup;
			children = (
				620AFF424C74C9D79D364534 /* Pods-HelloVizury.debug.xcconfig */,
				11BE2A9F9A4D05304840D264 /* Pods-HelloVizury.release.xcconfig */,
			);
			name = Pods;
			sourceTree = "<group>";
		};
		5459D0BB12A35A624777D417 /* Frameworks */ = {
			isa = PBXGroup;
			children = (
				7589ABCC1F62A24C0094843B /* VizuryEventLogger.framework */,
				7589ABB61F615EE10094843B /* Foundation.framework */,
				CA8A97100973A59C9D120205 /* libPods-HelloVizury.a */,
			);
			name = Frameworks;
			sourceTree = "<group>";
		};
		7589AB901F6128DC0094843B = {
			isa = PBXGroup;
			children = (
				7589AB9B1F6128DC0094843B /* HelloVizury */,
				7589AB9A1F6128DC0094843B /* Products */,
				2454E169A0C87202A55A2300 /* Pods */,
				5459D0BB12A35A624777D417 /* Frameworks */,
			);
			sourceTree = "<group>";
		};
		7589AB9A1F6128DC0094843B /* Products */ = {
			isa = PBXGroup;
			children = (
				7589AB991F6128DC0094843B /* HelloVizury.app */,
			);
			name = Products;
			sourceTree = "<group>";
		};
		7589AB9B1F6128DC0094843B /* HelloVizury */ = {
			isa = PBXGroup;
			children = (
				7589ABB41F615E0C0094843B /* GoogleService-Info.plist */,
				7589ABB31F612B8B0094843B /* HelloVizury.entitlements */,
				7589AB9F1F6128DC0094843B /* AppDelegate.h */,
				7589ABA01F6128DC0094843B /* AppDelegate.m */,
				7589ABA21F6128DC0094843B /* ViewController.h */,
				7589ABA31F6128DC0094843B /* ViewController.m */,
				7589ABA51F6128DC0094843B /* Main.storyboard */,
				7589ABA81F6128DC0094843B /* Assets.xcassets */,
				7589ABAA1F6128DC0094843B /* LaunchScreen.storyboard */,
				7589ABAD1F6128DC0094843B /* Info.plist */,
				7589AB9C1F6128DC0094843B /* Supporting Files */,
			);
			path = HelloVizury;
			sourceTree = "<group>";
		};
		7589AB9C1F6128DC0094843B /* Supporting Files */ = {
			isa = PBXGroup;
			children = (
				7589AB9D1F6128DC0094843B /* main.m */,
			);
			name = "Supporting Files";
			sourceTree = "<group>";
		};
/* End PBXGroup section */

/* Begin PBXNativeTarget section */
		7589AB981F6128DC0094843B /* HelloVizury */ = {
			isa = PBXNativeTarget;
			buildConfigurationList = 7589ABB01F6128DC0094843B /* Build configuration list for PBXNativeTarget "HelloVizury" */;
			buildPhases = (
				EC88E09EC81C8FD40042F4D2 /* [CP] Check Pods Manifest.lock */,
				7589AB951F6128DC0094843B /* Sources */,
				7589AB961F6128DC0094843B /* Frameworks */,
				7589AB971F6128DC0094843B /* Resources */,
				2557BEB32983F043A3F7900B /* [CP] Embed Pods Frameworks */,
				4C72C58A549E20BD64FCE8B0 /* [CP] Copy Pods Resources */,
			);
			buildRules = (
			);
			dependencies = (
			);
			name = HelloVizury;
			productName = HelloVizury;
			productReference = 7589AB991F6128DC0094843B /* HelloVizury.app */;
			productType = "com.apple.product-type.application";
		};
/* End PBXNativeTarget section */

/* Begin PBXProject section */
		7589AB911F6128DC0094843B /* Project object */ = {
			isa = PBXProject;
			attributes = {
				LastUpgradeCheck = 0830;
				ORGANIZATIONNAME = Anurag;
				TargetAttributes = {
					7589AB981F6128DC0094843B = {
						CreatedOnToolsVersion = 8.3.3;
						DevelopmentTeam = GJ9KW5KCDS;
						ProvisioningStyle = Automatic;
						SystemCapabilities = {
							com.apple.Push = {
								enabled = 1;
							};
						};
					};
				};
			};
			buildConfigurationList = 7589AB941F6128DC0094843B /* Build configuration list for PBXProject "HelloVizury" */;
			compatibilityVersion = "Xcode 3.2";
			developmentRegion = English;
			hasScannedForEncodings = 0;
			knownRegions = (
				en,
				Base,
			);
			mainGroup = 7589AB901F6128DC0094843B;
			productRefGroup = 7589AB9A1F6128DC0094843B /* Products */;
			projectDirPath = "";
			projectRoot = "";
			targets = (
				7589AB981F6128DC0094843B /* HelloVizury */,
			);
		};
/* End PBXProject section */

/* Begin PBXResourcesBuildPhase section */
		7589AB971F6128DC0094843B /* Resources */ = {
			isa = PBXResourcesBuildPhase;
			buildActionMask = 2147483647;
			files = (
				7589ABAC1F6128DC0094843B /* LaunchScreen.storyboard in Resources */,
				7589ABB51F615E0C0094843B /* GoogleService-Info.plist in Resources */,
				7589ABA91F6128DC0094843B /* Assets.xcassets in Resources */,
				7589ABA71F6128DC0094843B /* Main.storyboard in Resources */,
			);
			runOnlyForDeploymentPostprocessing = 0;
		};
/* End PBXResourcesBuildPhase section */

/* Begin PBXShellScriptBuildPhase section */
		2557BEB32983F043A3F7900B /* [CP] Embed Pods Frameworks */ = {
			isa = PBXShellScriptBuildPhase;
			buildActionMask = 2147483647;
			files = (
			);
			inputPaths = (
			);
			name = "[CP] Embed Pods Frameworks";
			outputPaths = (
			);
			runOnlyForDeploymentPostprocessing = 0;
			shellPath = /bin/sh;
			shellScript = "\"${SRCROOT}/Pods/Target Support Files/Pods-HelloVizury/Pods-HelloVizury-frameworks.sh\"\n";
			showEnvVarsInLog = 0;
		};
		4C72C58A549E20BD64FCE8B0 /* [CP] Copy Pods Resources */ = {
			isa = PBXShellScriptBuildPhase;
			buildActionMask = 2147483647;
			files = (
			);
			inputPaths = (
			);
			name = "[CP] Copy Pods Resources";
			outputPaths = (
			);
			runOnlyForDeploymentPostprocessing = 0;
			shellPath = /bin/sh;
			shellScript = "\"${SRCROOT}/Pods/Target Support Files/Pods-HelloVizury/Pods-HelloVizury-resources.sh\"\n";
			showEnvVarsInLog = 0;
		};
		EC88E09EC81C8FD40042F4D2 /* [CP] Check Pods Manifest.lock */ = {
			isa = PBXShellScriptBuildPhase;
			buildActionMask = 2147483647;
			files = (
			);
			inputPaths = (
			);
			name = "[CP] Check Pods Manifest.lock";
			outputPaths = (
			);
			runOnlyForDeploymentPostprocessing = 0;
			shellPath = /bin/sh;
			shellScript = "diff \"${PODS_PODFILE_DIR_PATH}/Podfile.lock\" \"${PODS_ROOT}/Manifest.lock\" > /dev/null\nif [ $? != 0 ] ; then\n    # print error to STDERR\n    echo \"error: The sandbox is not in sync with the Podfile.lock. Run 'pod install' or update your CocoaPods installation.\" >&2\n    exit 1\nfi\n";
			showEnvVarsInLog = 0;
		};
/* End PBXShellScriptBuildPhase section */

/* Begin PBXSourcesBuildPhase section */
		7589AB951F6128DC0094843B /* Sources */ = {
			isa = PBXSourcesBuildPhase;
			buildActionMask = 2147483647;
			files = (
				7589ABC31F616BFD0094843B /* main.m in Sources */,
				7589ABA41F6128DC0094843B /* ViewController.m in Sources */,
				7589ABA11F6128DC0094843B /* AppDelegate.m in Sources */,
			);
			runOnlyForDeploymentPostprocessing = 0;
		};
/* End PBXSourcesBuildPhase section */

/* Begin PBXVariantGroup section */
		7589ABA51F6128DC0094843B /* Main.storyboard */ = {
			isa = PBXVariantGroup;
			children = (
				7589ABA61F6128DC0094843B /* Base */,
			);
			name = Main.storyboard;
			sourceTree = "<group>";
		};
		7589ABAA1F6128DC0094843B /* LaunchScreen.storyboard */ = {
			isa = PBXVariantGroup;
			children = (
				7589ABAB1F6128DC0094843B /* Base */,
			);
			name = LaunchScreen.storyboard;
			sourceTree = "<group>";
		};
/* End PBXVariantGroup section */

/* Begin XCBuildConfiguration section */
		7589ABAE1F6128DC0094843B /* Debug */ = {
			isa = XCBuildConfiguration;
			buildSettings = {
				ALWAYS_SEARCH_USER_PATHS = NO;
				CLANG_ANALYZER_NONNULL = YES;
				CLANG_ANALYZER_NUMBER_OBJECT_CONVERSION = YES_AGGRESSIVE;
				CLANG_CXX_LANGUAGE_STANDARD = "gnu++0x";
				CLANG_CXX_LIBRARY = "libc++";
				CLANG_ENABLE_MODULES = YES;
				CLANG_ENABLE_OBJC_ARC = YES;
				CLANG_WARN_BOOL_CONVERSION = YES;
				CLANG_WARN_CONSTANT_CONVERSION = YES;
				CLANG_WARN_DIRECT_OBJC_ISA_USAGE = YES_ERROR;
				CLANG_WARN_DOCUMENTATION_COMMENTS = YES;
				CLANG_WARN_EMPTY_BODY = YES;
				CLANG_WARN_ENUM_CONVERSION = YES;
				CLANG_WARN_INFINITE_RECURSION = YES;
				CLANG_WARN_INT_CONVERSION = YES;
				CLANG_WARN_OBJC_ROOT_CLASS = YES_ERROR;
				CLANG_WARN_SUSPICIOUS_MOVE = YES;
				CLANG_WARN_UNREACHABLE_CODE = YES;
				CLANG_WARN__DUPLICATE_METHOD_MATCH = YES;
				"CODE_SIGN_IDENTITY[sdk=iphoneos*]" = "iPhone Developer";
				COPY_PHASE_STRIP = NO;
				DEBUG_INFORMATION_FORMAT = dwarf;
				ENABLE_BITCODE = NO;
				ENABLE_STRICT_OBJC_MSGSEND = YES;
				ENABLE_TESTABILITY = YES;
				GCC_C_LANGUAGE_STANDARD = gnu99;
				GCC_DYNAMIC_NO_PIC = NO;
				GCC_NO_COMMON_BLOCKS = YES;
				GCC_OPTIMIZATION_LEVEL = 0;
				GCC_PREPROCESSOR_DEFINITIONS = (
					"DEBUG=1",
					"$(inherited)",
				);
				GCC_WARN_64_TO_32_BIT_CONVERSION = YES;
				GCC_WARN_ABOUT_RETURN_TYPE = YES_ERROR;
				GCC_WARN_UNDECLARED_SELECTOR = YES;
				GCC_WARN_UNINITIALIZED_AUTOS = YES_AGGRESSIVE;
				GCC_WARN_UNUSED_FUNCTION = YES;
				GCC_WARN_UNUSED_VARIABLE = YES;
				IPHONEOS_DEPLOYMENT_TARGET = 8.0;
				MTL_ENABLE_DEBUG_INFO = YES;
				ONLY_ACTIVE_ARCH = YES;
				SDKROOT = iphoneos;
				TARGETED_DEVICE_FAMILY = "1,2";
			};
			name = Debug;
		};
		7589ABAF1F6128DC0094843B /* Release */ = {
			isa = XCBuildConfiguration;
			buildSettings = {
				ALWAYS_SEARCH_USER_PATHS = NO;
				CLANG_ANALYZER_NONNULL = YES;
				CLANG_ANALYZER_NUMBER_OBJECT_CONVERSION = YES_AGGRESSIVE;
				CLANG_CXX_LANGUAGE_STANDARD = "gnu++0x";
				CLANG_CXX_LIBRARY = "libc++";
				CLANG_ENABLE_MODULES = YES;
				CLANG_ENABLE_OBJC_ARC = YES;
				CLANG_WARN_BOOL_CONVERSION = YES;
				CLANG_WARN_CONSTANT_CONVERSION = YES;
				CLANG_WARN_DIRECT_OBJC_ISA_USAGE = YES_ERROR;
				CLANG_WARN_DOCUMENTATION_COMMENTS = YES;
				CLANG_WARN_EMPTY_BODY = YES;
				CLANG_WARN_ENUM_CONVERSION = YES;
				CLANG_WARN_INFINITE_RECURSION = YES;
				CLANG_WARN_INT_CONVERSION = YES;
				CLANG_WARN_OBJC_ROOT_CLASS = YES_ERROR;
				CLANG_WARN_SUSPICIOUS_MOVE = YES;
				CLANG_WARN_UNREACHABLE_CODE = YES;
				CLANG_WARN__DUPLICATE_METHOD_MATCH = YES;
				"CODE_SIGN_IDENTITY[sdk=iphoneos*]" = "iPhone Developer";
				COPY_PHASE_STRIP = NO;
				DEBUG_INFORMATION_FORMAT = "dwarf-with-dsym";
				ENABLE_BITCODE = NO;
				ENABLE_NS_ASSERTIONS = NO;
				ENABLE_STRICT_OBJC_MSGSEND = YES;
				GCC_C_LANGUAGE_STANDARD = gnu99;
				GCC_NO_COMMON_BLOCKS = YES;
				GCC_WARN_64_TO_32_BIT_CONVERSION = YES;
				GCC_WARN_ABOUT_RETURN_TYPE = YES_ERROR;
				GCC_WARN_UNDECLARED_SELECTOR = YES;
				GCC_WARN_UNINITIALIZED_AUTOS = YES_AGGRESSIVE;
				GCC_WARN_UNUSED_FUNCTION = YES;
				GCC_WARN_UNUSED_VARIABLE = YES;
				IPHONEOS_DEPLOYMENT_TARGET = 8.0;
				MTL_ENABLE_DEBUG_INFO = NO;
				SDKROOT = iphoneos;
				TARGETED_DEVICE_FAMILY = "1,2";
				VALIDATE_PRODUCT = YES;
			};
			name = Release;
		};
		7589ABB11F6128DC0094843B /* Debug */ = {
			isa = XCBuildConfiguration;
			baseConfigurationReference = 620AFF424C74C9D79D364534 /* Pods-HelloVizury.debug.xcconfig */;
			buildSettings = {
				ASSETCATALOG_COMPILER_APPICON_NAME = AppIcon;
				CODE_SIGN_ENTITLEMENTS = HelloVizury/HelloVizury.entitlements;
				DEVELOPMENT_TEAM = GJ9KW5KCDS;
				ENABLE_BITCODE = YES;
				FRAMEWORK_SEARCH_PATHS = (
					"$(inherited)",
					"$(PROJECT_DIR)",
				);
				INFOPLIST_FILE = HelloVizury/Info.plist;
				IPHONEOS_DEPLOYMENT_TARGET = 8.0;
				LD_RUNPATH_SEARCH_PATHS = "$(inherited) @executable_path/Frameworks";
				PRODUCT_BUNDLE_IDENTIFIER = com.vizury.HelloVizury;
				PRODUCT_NAME = "$(TARGET_NAME)";
			};
			name = Debug;
		};
		7589ABB21F6128DC0094843B /* Release */ = {
			isa = XCBuildConfiguration;
			baseConfigurationReference = 11BE2A9F9A4D05304840D264 /* Pods-HelloVizury.release.xcconfig */;
			buildSettings = {
				ASSETCATALOG_COMPILER_APPICON_NAME = AppIcon;
				CODE_SIGN_ENTITLEMENTS = HelloVizury/HelloVizury.entitlements;
				DEVELOPMENT_TEAM = GJ9KW5KCDS;
				ENABLE_BITCODE = YES;
				FRAMEWORK_SEARCH_PATHS = (
					"$(inherited)",
					"$(PROJECT_DIR)",
				);
				INFOPLIST_FILE = HelloVizury/Info.plist;
				IPHONEOS_DEPLOYMENT_TARGET = 8.0;
				LD_RUNPATH_SEARCH_PATHS = "$(inherited) @executable_path/Frameworks";
				PRODUCT_BUNDLE_IDENTIFIER = com.vizury.HelloVizury;
				PRODUCT_NAME = "$(TARGET_NAME)";
			};
			name = Release;
		};
/* End XCBuildConfiguration section */

/* Begin XCConfigurationList section */
		7589AB941F6128DC0094843B /* Build configuration list for PBXProject "HelloVizury" */ = {
			isa = XCConfigurationList;
			buildConfigurations = (
				7589ABAE1F6128DC0094843B /* Debug */,
				7589ABAF1F6128DC0094843B /* Release */,
			);
			defaultConfigurationIsVisible = 0;
			defaultConfigurationName = Release;
		};
		7589ABB01F6128DC0094843B /* Build configuration list for PBXNativeTarget "HelloVizury" */ = {
			isa = XCConfigurationList;
			buildConfigurations = (
				7589ABB11F6128DC0094843B /* Debug */,
				7589ABB21F6128DC0094843B /* Release */,
			);
			defaultConfigurationIsVisible = 0;
			defaultConfigurationName = Release;
		};
/* End XCConfigurationList section */
	};
	rootObject = 7589AB911F6128DC0094843B /* Project object */;
}
