// !$*UTF8*$!
{
	archiveVersion = 1;
	classes = {
	};
	objectVersion = 46;
	objects = {

/* Begin PBXBuildFile section */
		7031AB1DE08EF52C83842A0C /* libPods-HelloVizuryIos.a in Frameworks */ = {isa = PBXBuildFile; fileRef = FF5089F314E2FD14C82B57FA /* libPods-HelloVizuryIos.a */; };
		7527C53D1E37490500CA956E /* VizuryEventLogger.framework in Frameworks */ = {isa = PBXBuildFile; fileRef = 75D73FEA1DDC964A000BAF4D /* VizuryEventLogger.framework */; };
		755A73081DED66ED00957D4B /* GoogleService-Info.plist in Resources */ = {isa = PBXBuildFile; fileRef = 755A73071DED66ED00957D4B /* GoogleService-Info.plist */; };
		75FB6DDC1D817CDF00CBFDE4 /* main.m in Sources */ = {isa = PBXBuildFile; fileRef = 75FB6DDB1D817CDF00CBFDE4 /* main.m */; };
		75FB6DDF1D817CDF00CBFDE4 /* AppDelegate.m in Sources */ = {isa = PBXBuildFile; fileRef = 75FB6DDE1D817CDF00CBFDE4 /* AppDelegate.m */; };
		75FB6DE21D817CDF00CBFDE4 /* ViewController.m in Sources */ = {isa = PBXBuildFile; fileRef = 75FB6DE11D817CDF00CBFDE4 /* ViewController.m */; };
		75FB6DE51D817CDF00CBFDE4 /* Main.storyboard in Resources */ = {isa = PBXBuildFile; fileRef = 75FB6DE31D817CDF00CBFDE4 /* Main.storyboard */; };
		75FB6DE71D817CDF00CBFDE4 /* Images.xcassets in Resources */ = {isa = PBXBuildFile; fileRef = 75FB6DE61D817CDF00CBFDE4 /* Images.xcassets */; };
		75FB6DEA1D817CDF00CBFDE4 /* LaunchScreen.xib in Resources */ = {isa = PBXBuildFile; fileRef = 75FB6DE81D817CDF00CBFDE4 /* LaunchScreen.xib */; };
		75FB6DF61D817CE000CBFDE4 /* HelloVizuryIosTests.m in Sources */ = {isa = PBXBuildFile; fileRef = 75FB6DF51D817CE000CBFDE4 /* HelloVizuryIosTests.m */; };
		812114533ADB0C7BAFCFA81F /* libPods-HelloVizuryIosTests.a in Frameworks */ = {isa = PBXBuildFile; fileRef = 67FC844A3343D2D4902D4768 /* libPods-HelloVizuryIosTests.a */; };
/* End PBXBuildFile section */

/* Begin PBXBuildRule section */
		755A73031DED65A000957D4B /* PBXBuildRule */ = {
			isa = PBXBuildRule;
			compilerSpec = com.apple.compilers.proxy.script;
			fileType = file.bplist;
			isEditable = 1;
			outputFiles = (
			);
			script = "# builtin-copyPlist\n";
		};
/* End PBXBuildRule section */

/* Begin PBXContainerItemProxy section */
		75FB6DF01D817CE000CBFDE4 /* PBXContainerItemProxy */ = {
			isa = PBXContainerItemProxy;
			containerPortal = 75FB6DCE1D817CDF00CBFDE4 /* Project object */;
			proxyType = 1;
			remoteGlobalIDString = 75FB6DD51D817CDF00CBFDE4;
			remoteInfo = HelloVizuryIos;
		};
/* End PBXContainerItemProxy section */

/* Begin PBXFileReference section */
		3320C60F2A234FBA408DAE01 /* Pods-HelloVizuryIos.debug.xcconfig */ = {isa = PBXFileReference; includeInIndex = 1; lastKnownFileType = text.xcconfig; name = "Pods-HelloVizuryIos.debug.xcconfig"; path = "Pods/Target Support Files/Pods-HelloVizuryIos/Pods-HelloVizuryIos.debug.xcconfig"; sourceTree = "<group>"; };
		67FC844A3343D2D4902D4768 /* libPods-HelloVizuryIosTests.a */ = {isa = PBXFileReference; explicitFileType = archive.ar; includeInIndex = 0; path = "libPods-HelloVizuryIosTests.a"; sourceTree = BUILT_PRODUCTS_DIR; };
		7527C53E1E37490E00CA956E /* Foundation.framework */ = {isa = PBXFileReference; lastKnownFileType = wrapper.framework; name = Foundation.framework; path = System/Library/Frameworks/Foundation.framework; sourceTree = SDKROOT; };
		755A73071DED66ED00957D4B /* GoogleService-Info.plist */ = {isa = PBXFileReference; fileEncoding = 4; lastKnownFileType = text.plist.xml; name = "GoogleService-Info.plist"; path = "../GoogleService-Info.plist"; sourceTree = "<group>"; };
		75D73FEA1DDC964A000BAF4D /* VizuryEventLogger.framework */ = {isa = PBXFileReference; lastKnownFileType = wrapper.framework; path = VizuryEventLogger.framework; sourceTree = "<group>"; };
		75FB6DD61D817CDF00CBFDE4 /* HelloVizuryIos.app */ = {isa = PBXFileReference; explicitFileType = wrapper.application; includeInIndex = 0; path = HelloVizuryIos.app; sourceTree = BUILT_PRODUCTS_DIR; };
		75FB6DDA1D817CDF00CBFDE4 /* Info.plist */ = {isa = PBXFileReference; lastKnownFileType = text.plist.xml; path = Info.plist; sourceTree = "<group>"; };
		75FB6DDB1D817CDF00CBFDE4 /* main.m */ = {isa = PBXFileReference; lastKnownFileType = sourcecode.c.objc; path = main.m; sourceTree = "<group>"; };
		75FB6DDD1D817CDF00CBFDE4 /* AppDelegate.h */ = {isa = PBXFileReference; lastKnownFileType = sourcecode.c.h; path = AppDelegate.h; sourceTree = "<group>"; };
		75FB6DDE1D817CDF00CBFDE4 /* AppDelegate.m */ = {isa = PBXFileReference; lastKnownFileType = sourcecode.c.objc; path = AppDelegate.m; sourceTree = "<group>"; };
		75FB6DE01D817CDF00CBFDE4 /* ViewController.h */ = {isa = PBXFileReference; lastKnownFileType = sourcecode.c.h; path = ViewController.h; sourceTree = "<group>"; };
		75FB6DE11D817CDF00CBFDE4 /* ViewController.m */ = {isa = PBXFileReference; lastKnownFileType = sourcecode.c.objc; path = ViewController.m; sourceTree = "<group>"; };
		75FB6DE41D817CDF00CBFDE4 /* Base */ = {isa = PBXFileReference; lastKnownFileType = file.storyboard; name = Base; path = Base.lproj/Main.storyboard; sourceTree = "<group>"; };
		75FB6DE61D817CDF00CBFDE4 /* Images.xcassets */ = {isa = PBXFileReference; lastKnownFileType = folder.assetcatalog; path = Images.xcassets; sourceTree = "<group>"; };
		75FB6DE91D817CDF00CBFDE4 /* Base */ = {isa = PBXFileReference; lastKnownFileType = file.xib; name = Base; path = Base.lproj/LaunchScreen.xib; sourceTree = "<group>"; };
		75FB6DEF1D817CE000CBFDE4 /* HelloVizuryIosTests.xctest */ = {isa = PBXFileReference; explicitFileType = wrapper.cfbundle; includeInIndex = 0; path = HelloVizuryIosTests.xctest; sourceTree = BUILT_PRODUCTS_DIR; };
		75FB6DF41D817CE000CBFDE4 /* Info.plist */ = {isa = PBXFileReference; lastKnownFileType = text.plist.xml; path = Info.plist; sourceTree = "<group>"; };
		75FB6DF51D817CE000CBFDE4 /* HelloVizuryIosTests.m */ = {isa = PBXFileReference; lastKnownFileType = sourcecode.c.objc; path = HelloVizuryIosTests.m; sourceTree = "<group>"; };
		7732D010631524AA578616BB /* Pods-HelloVizuryIosTests.release.xcconfig */ = {isa = PBXFileReference; includeInIndex = 1; lastKnownFileType = text.xcconfig; name = "Pods-HelloVizuryIosTests.release.xcconfig"; path = "Pods/Target Support Files/Pods-HelloVizuryIosTests/Pods-HelloVizuryIosTests.release.xcconfig"; sourceTree = "<group>"; };
		7B7A7A855E3079016634A3AF /* Pods-HelloVizuryIos.release.xcconfig */ = {isa = PBXFileReference; includeInIndex = 1; lastKnownFileType = text.xcconfig; name = "Pods-HelloVizuryIos.release.xcconfig"; path = "Pods/Target Support Files/Pods-HelloVizuryIos/Pods-HelloVizuryIos.release.xcconfig"; sourceTree = "<group>"; };
		E726CB30DE5489969EDD1AA7 /* Pods-HelloVizuryIosTests.debug.xcconfig */ = {isa = PBXFileReference; includeInIndex = 1; lastKnownFileType = text.xcconfig; name = "Pods-HelloVizuryIosTests.debug.xcconfig"; path = "Pods/Target Support Files/Pods-HelloVizuryIosTests/Pods-HelloVizuryIosTests.debug.xcconfig"; sourceTree = "<group>"; };
		FF5089F314E2FD14C82B57FA /* libPods-HelloVizuryIos.a */ = {isa = PBXFileReference; explicitFileType = archive.ar; includeInIndex = 0; path = "libPods-HelloVizuryIos.a"; sourceTree = BUILT_PRODUCTS_DIR; };
/* End PBXFileReference section */

/* Begin PBXFrameworksBuildPhase section */
		75FB6DD31D817CDF00CBFDE4 /* Frameworks */ = {
			isa = PBXFrameworksBuildPhase;
			buildActionMask = 2147483647;
			files = (
				7527C53D1E37490500CA956E /* VizuryEventLogger.framework in Frameworks */,
				7031AB1DE08EF52C83842A0C /* libPods-HelloVizuryIos.a in Frameworks */,
			);
			runOnlyForDeploymentPostprocessing = 0;
		};
		75FB6DEC1D817CE000CBFDE4 /* Frameworks */ = {
			isa = PBXFrameworksBuildPhase;
			buildActionMask = 2147483647;
			files = (
				812114533ADB0C7BAFCFA81F /* libPods-HelloVizuryIosTests.a in Frameworks */,
			);
			runOnlyForDeploymentPostprocessing = 0;
		};
/* End PBXFrameworksBuildPhase section */

/* Begin PBXGroup section */
		629EAF05F0F8115AF478ABB1 /* Frameworks */ = {
			isa = PBXGroup;
			children = (
				7527C53E1E37490E00CA956E /* Foundation.framework */,
				75D73FEA1DDC964A000BAF4D /* VizuryEventLogger.framework */,
				FF5089F314E2FD14C82B57FA /* libPods-HelloVizuryIos.a */,
				67FC844A3343D2D4902D4768 /* libPods-HelloVizuryIosTests.a */,
			);
			name = Frameworks;
			sourceTree = "<group>";
		};
		75FB6DCD1D817CDF00CBFDE4 = {
			isa = PBXGroup;
			children = (
				75FB6DD81D817CDF00CBFDE4 /* HelloVizuryIos */,
				75FB6DF21D817CE000CBFDE4 /* HelloVizuryIosTests */,
				75FB6DD71D817CDF00CBFDE4 /* Products */,
				629EAF05F0F8115AF478ABB1 /* Frameworks */,
				7A5BD2783FA42214065DB502 /* Pods */,
			);
			sourceTree = "<group>";
		};
		75FB6DD71D817CDF00CBFDE4 /* Products */ = {
			isa = PBXGroup;
			children = (
				75FB6DD61D817CDF00CBFDE4 /* HelloVizuryIos.app */,
				75FB6DEF1D817CE000CBFDE4 /* HelloVizuryIosTests.xctest */,
			);
			name = Products;
			sourceTree = "<group>";
		};
		75FB6DD81D817CDF00CBFDE4 /* HelloVizuryIos */ = {
			isa = PBXGroup;
			children = (
				755A73071DED66ED00957D4B /* GoogleService-Info.plist */,
				75FB6DDD1D817CDF00CBFDE4 /* AppDelegate.h */,
				75FB6DDE1D817CDF00CBFDE4 /* AppDelegate.m */,
				75FB6DE01D817CDF00CBFDE4 /* ViewController.h */,
				75FB6DE11D817CDF00CBFDE4 /* ViewController.m */,
				75FB6DE31D817CDF00CBFDE4 /* Main.storyboard */,
				75FB6DE61D817CDF00CBFDE4 /* Images.xcassets */,
				75FB6DE81D817CDF00CBFDE4 /* LaunchScreen.xib */,
				75FB6DD91D817CDF00CBFDE4 /* Supporting Files */,
			);
			path = HelloVizuryIos;
			sourceTree = "<group>";
		};
		75FB6DD91D817CDF00CBFDE4 /* Supporting Files */ = {
			isa = PBXGroup;
			children = (
				75FB6DDA1D817CDF00CBFDE4 /* Info.plist */,
				75FB6DDB1D817CDF00CBFDE4 /* main.m */,
			);
			name = "Supporting Files";
			sourceTree = "<group>";
		};
		75FB6DF21D817CE000CBFDE4 /* HelloVizuryIosTests */ = {
			isa = PBXGroup;
			children = (
				75FB6DF51D817CE000CBFDE4 /* HelloVizuryIosTests.m */,
				75FB6DF31D817CE000CBFDE4 /* Supporting Files */,
			);
			path = HelloVizuryIosTests;
			sourceTree = "<group>";
		};
		75FB6DF31D817CE000CBFDE4 /* Supporting Files */ = {
			isa = PBXGroup;
			children = (
				75FB6DF41D817CE000CBFDE4 /* Info.plist */,
			);
			name = "Supporting Files";
			sourceTree = "<group>";
		};
		7A5BD2783FA42214065DB502 /* Pods */ = {
			isa = PBXGroup;
			children = (
				3320C60F2A234FBA408DAE01 /* Pods-HelloVizuryIos.debug.xcconfig */,
				7B7A7A855E3079016634A3AF /* Pods-HelloVizuryIos.release.xcconfig */,
				E726CB30DE5489969EDD1AA7 /* Pods-HelloVizuryIosTests.debug.xcconfig */,
				7732D010631524AA578616BB /* Pods-HelloVizuryIosTests.release.xcconfig */,
			);
			name = Pods;
			sourceTree = "<group>";
		};
/* End PBXGroup section */

/* Begin PBXNativeTarget section */
		75FB6DD51D817CDF00CBFDE4 /* HelloVizuryIos */ = {
			isa = PBXNativeTarget;
			buildConfigurationList = 75FB6DF91D817CE000CBFDE4 /* Build configuration list for PBXNativeTarget "HelloVizuryIos" */;
			buildPhases = (
				36745D570C8CD915AD43D18C /* [CP] Check Pods Manifest.lock */,
				75FB6DD21D817CDF00CBFDE4 /* Sources */,
				75FB6DD31D817CDF00CBFDE4 /* Frameworks */,
				75FB6DD41D817CDF00CBFDE4 /* Resources */,
				CE9B2DDB847EE3B4C24C6F3C /* [CP] Embed Pods Frameworks */,
				2E60F4A870C3B6CD12C024EC /* [CP] Copy Pods Resources */,
			);
			buildRules = (
				755A73031DED65A000957D4B /* PBXBuildRule */,
			);
			dependencies = (
			);
			name = HelloVizuryIos;
			productName = HelloVizuryIos;
			productReference = 75FB6DD61D817CDF00CBFDE4 /* HelloVizuryIos.app */;
			productType = "com.apple.product-type.application";
		};
		75FB6DEE1D817CE000CBFDE4 /* HelloVizuryIosTests */ = {
			isa = PBXNativeTarget;
			buildConfigurationList = 75FB6DFC1D817CE000CBFDE4 /* Build configuration list for PBXNativeTarget "HelloVizuryIosTests" */;
			buildPhases = (
				3E02BD706C5E7B69C589B65A /* [CP] Check Pods Manifest.lock */,
				75FB6DEB1D817CE000CBFDE4 /* Sources */,
				75FB6DEC1D817CE000CBFDE4 /* Frameworks */,
				75FB6DED1D817CE000CBFDE4 /* Resources */,
				FD7D6C8F0F24C93A0148605D /* [CP] Embed Pods Frameworks */,
				B3DB6EB333AF7C699529A760 /* [CP] Copy Pods Resources */,
			);
			buildRules = (
			);
			dependencies = (
				75FB6DF11D817CE000CBFDE4 /* PBXTargetDependency */,
			);
			name = HelloVizuryIosTests;
			productName = HelloVizuryIosTests;
			productReference = 75FB6DEF1D817CE000CBFDE4 /* HelloVizuryIosTests.xctest */;
			productType = "com.apple.product-type.bundle.unit-test";
		};
/* End PBXNativeTarget section */

/* Begin PBXProject section */
		75FB6DCE1D817CDF00CBFDE4 /* Project object */ = {
			isa = PBXProject;
			attributes = {
				LastUpgradeCheck = 0610;
				ORGANIZATIONNAME = Vizury;
				TargetAttributes = {
					75FB6DD51D817CDF00CBFDE4 = {
						CreatedOnToolsVersion = 6.1.1;
						DevelopmentTeam = GJ9KW5KCDS;
					};
					75FB6DEE1D817CE000CBFDE4 = {
						CreatedOnToolsVersion = 6.1.1;
						TestTargetID = 75FB6DD51D817CDF00CBFDE4;
					};
				};
			};
			buildConfigurationList = 75FB6DD11D817CDF00CBFDE4 /* Build configuration list for PBXProject "HelloVizuryIos" */;
			compatibilityVersion = "Xcode 3.2";
			developmentRegion = English;
			hasScannedForEncodings = 0;
			knownRegions = (
				en,
				Base,
			);
			mainGroup = 75FB6DCD1D817CDF00CBFDE4;
			productRefGroup = 75FB6DD71D817CDF00CBFDE4 /* Products */;
			projectDirPath = "";
			projectRoot = "";
			targets = (
				75FB6DD51D817CDF00CBFDE4 /* HelloVizuryIos */,
				75FB6DEE1D817CE000CBFDE4 /* HelloVizuryIosTests */,
			);
		};
/* End PBXProject section */

/* Begin PBXResourcesBuildPhase section */
		75FB6DD41D817CDF00CBFDE4 /* Resources */ = {
			isa = PBXResourcesBuildPhase;
			buildActionMask = 2147483647;
			files = (
				75FB6DE51D817CDF00CBFDE4 /* Main.storyboard in Resources */,
				755A73081DED66ED00957D4B /* GoogleService-Info.plist in Resources */,
				75FB6DEA1D817CDF00CBFDE4 /* LaunchScreen.xib in Resources */,
				75FB6DE71D817CDF00CBFDE4 /* Images.xcassets in Resources */,
			);
			runOnlyForDeploymentPostprocessing = 0;
		};
		75FB6DED1D817CE000CBFDE4 /* Resources */ = {
			isa = PBXResourcesBuildPhase;
			buildActionMask = 2147483647;
			files = (
			);
			runOnlyForDeploymentPostprocessing = 0;
		};
/* End PBXResourcesBuildPhase section */

/* Begin PBXShellScriptBuildPhase section */
		2E60F4A870C3B6CD12C024EC /* [CP] Copy Pods Resources */ = {
			isa = PBXShellScriptBuildPhase;
			buildActionMask = 2147483647;
			files = (
			);
			inputPaths = (
			);
			name = "[CP] Copy Pods Resources";
			outputPaths = (
			);
			runOnlyForDeploymentPostprocessing = 0;
			shellPath = /bin/sh;
			shellScript = "\"${SRCROOT}/Pods/Target Support Files/Pods-HelloVizuryIos/Pods-HelloVizuryIos-resources.sh\"\n";
			showEnvVarsInLog = 0;
		};
		36745D570C8CD915AD43D18C /* [CP] Check Pods Manifest.lock */ = {
			isa = PBXShellScriptBuildPhase;
			buildActionMask = 2147483647;
			files = (
			);
			inputPaths = (
			);
			name = "[CP] Check Pods Manifest.lock";
			outputPaths = (
			);
			runOnlyForDeploymentPostprocessing = 0;
			shellPath = /bin/sh;
			shellScript = "diff \"${PODS_ROOT}/../Podfile.lock\" \"${PODS_ROOT}/Manifest.lock\" > /dev/null\nif [ $? != 0 ] ; then\n    # print error to STDERR\n    echo \"error: The sandbox is not in sync with the Podfile.lock. Run 'pod install' or update your CocoaPods installation.\" >&2\n    exit 1\nfi\n";
			showEnvVarsInLog = 0;
		};
		3E02BD706C5E7B69C589B65A /* [CP] Check Pods Manifest.lock */ = {
			isa = PBXShellScriptBuildPhase;
			buildActionMask = 2147483647;
			files = (
			);
			inputPaths = (
			);
			name = "[CP] Check Pods Manifest.lock";
			outputPaths = (
			);
			runOnlyForDeploymentPostprocessing = 0;
			shellPath = /bin/sh;
			shellScript = "diff \"${PODS_ROOT}/../Podfile.lock\" \"${PODS_ROOT}/Manifest.lock\" > /dev/null\nif [ $? != 0 ] ; then\n    # print error to STDERR\n    echo \"error: The sandbox is not in sync with the Podfile.lock. Run 'pod install' or update your CocoaPods installation.\" >&2\n    exit 1\nfi\n";
			showEnvVarsInLog = 0;
		};
		B3DB6EB333AF7C699529A760 /* [CP] Copy Pods Resources */ = {
			isa = PBXShellScriptBuildPhase;
			buildActionMask = 2147483647;
			files = (
			);
			inputPaths = (
			);
			name = "[CP] Copy Pods Resources";
			outputPaths = (
			);
			runOnlyForDeploymentPostprocessing = 0;
			shellPath = /bin/sh;
			shellScript = "\"${SRCROOT}/Pods/Target Support Files/Pods-HelloVizuryIosTests/Pods-HelloVizuryIosTests-resources.sh\"\n";
			showEnvVarsInLog = 0;
		};
		CE9B2DDB847EE3B4C24C6F3C /* [CP] Embed Pods Frameworks */ = {
			isa = PBXShellScriptBuildPhase;
			buildActionMask = 2147483647;
			files = (
			);
			inputPaths = (
			);
			name = "[CP] Embed Pods Frameworks";
			outputPaths = (
			);
			runOnlyForDeploymentPostprocessing = 0;
			shellPath = /bin/sh;
			shellScript = "\"${SRCROOT}/Pods/Target Support Files/Pods-HelloVizuryIos/Pods-HelloVizuryIos-frameworks.sh\"\n";
			showEnvVarsInLog = 0;
		};
		FD7D6C8F0F24C93A0148605D /* [CP] Embed Pods Frameworks */ = {
			isa = PBXShellScriptBuildPhase;
			buildActionMask = 2147483647;
			files = (
			);
			inputPaths = (
			);
			name = "[CP] Embed Pods Frameworks";
			outputPaths = (
			);
			runOnlyForDeploymentPostprocessing = 0;
			shellPath = /bin/sh;
			shellScript = "\"${SRCROOT}/Pods/Target Support Files/Pods-HelloVizuryIosTests/Pods-HelloVizuryIosTests-frameworks.sh\"\n";
			showEnvVarsInLog = 0;
		};
/* End PBXShellScriptBuildPhase section */

/* Begin PBXSourcesBuildPhase section */
		75FB6DD21D817CDF00CBFDE4 /* Sources */ = {
			isa = PBXSourcesBuildPhase;
			buildActionMask = 2147483647;
			files = (
				75FB6DE21D817CDF00CBFDE4 /* ViewController.m in Sources */,
				75FB6DDF1D817CDF00CBFDE4 /* AppDelegate.m in Sources */,
				75FB6DDC1D817CDF00CBFDE4 /* main.m in Sources */,
			);
			runOnlyForDeploymentPostprocessing = 0;
		};
		75FB6DEB1D817CE000CBFDE4 /* Sources */ = {
			isa = PBXSourcesBuildPhase;
			buildActionMask = 2147483647;
			files = (
				75FB6DF61D817CE000CBFDE4 /* HelloVizuryIosTests.m in Sources */,
			);
			runOnlyForDeploymentPostprocessing = 0;
		};
/* End PBXSourcesBuildPhase section */

/* Begin PBXTargetDependency section */
		75FB6DF11D817CE000CBFDE4 /* PBXTargetDependency */ = {
			isa = PBXTargetDependency;
			target = 75FB6DD51D817CDF00CBFDE4 /* HelloVizuryIos */;
			targetProxy = 75FB6DF01D817CE000CBFDE4 /* PBXContainerItemProxy */;
		};
/* End PBXTargetDependency section */

/* Begin PBXVariantGroup section */
		75FB6DE31D817CDF00CBFDE4 /* Main.storyboard */ = {
			isa = PBXVariantGroup;
			children = (
				75FB6DE41D817CDF00CBFDE4 /* Base */,
			);
			name = Main.storyboard;
			sourceTree = "<group>";
		};
		75FB6DE81D817CDF00CBFDE4 /* LaunchScreen.xib */ = {
			isa = PBXVariantGroup;
			children = (
				75FB6DE91D817CDF00CBFDE4 /* Base */,
			);
			name = LaunchScreen.xib;
			sourceTree = "<group>";
		};
/* End PBXVariantGroup section */

/* Begin XCBuildConfiguration section */
		75FB6DF71D817CE000CBFDE4 /* Debug */ = {
			isa = XCBuildConfiguration;
			buildSettings = {
				ALWAYS_SEARCH_USER_PATHS = NO;
				CLANG_CXX_LANGUAGE_STANDARD = "gnu++0x";
				CLANG_CXX_LIBRARY = "libc++";
				CLANG_ENABLE_MODULES = YES;
				CLANG_ENABLE_OBJC_ARC = YES;
				CLANG_WARN_BOOL_CONVERSION = YES;
				CLANG_WARN_CONSTANT_CONVERSION = YES;
				CLANG_WARN_DIRECT_OBJC_ISA_USAGE = YES_ERROR;
				CLANG_WARN_EMPTY_BODY = YES;
				CLANG_WARN_ENUM_CONVERSION = YES;
				CLANG_WARN_INT_CONVERSION = YES;
				CLANG_WARN_OBJC_ROOT_CLASS = YES_ERROR;
				CLANG_WARN_UNREACHABLE_CODE = YES;
				CLANG_WARN__DUPLICATE_METHOD_MATCH = YES;
				"CODE_SIGN_IDENTITY[sdk=iphoneos*]" = "iPhone Developer";
				COPY_PHASE_STRIP = NO;
				ENABLE_STRICT_OBJC_MSGSEND = YES;
				GCC_C_LANGUAGE_STANDARD = gnu99;
				GCC_DYNAMIC_NO_PIC = NO;
				GCC_NO_COMMON_BLOCKS = NO;
				GCC_OPTIMIZATION_LEVEL = 0;
				GCC_PREPROCESSOR_DEFINITIONS = (
					"DEBUG=1",
					"$(inherited)",
				);
				GCC_SYMBOLS_PRIVATE_EXTERN = NO;
				GCC_WARN_64_TO_32_BIT_CONVERSION = YES;
				GCC_WARN_ABOUT_RETURN_TYPE = YES_ERROR;
				GCC_WARN_UNDECLARED_SELECTOR = YES;
				GCC_WARN_UNINITIALIZED_AUTOS = YES_AGGRESSIVE;
				GCC_WARN_UNUSED_FUNCTION = YES;
				GCC_WARN_UNUSED_VARIABLE = YES;
				IPHONEOS_DEPLOYMENT_TARGET = 8.1;
				MTL_ENABLE_DEBUG_INFO = YES;
				ONLY_ACTIVE_ARCH = YES;
				OTHER_LDFLAGS = "$(inherited)";
				SDKROOT = iphoneos;
				TARGETED_DEVICE_FAMILY = "1,2";
			};
			name = Debug;
		};
		75FB6DF81D817CE000CBFDE4 /* Release */ = {
			isa = XCBuildConfiguration;
			buildSettings = {
				ALWAYS_SEARCH_USER_PATHS = NO;
				CLANG_CXX_LANGUAGE_STANDARD = "gnu++0x";
				CLANG_CXX_LIBRARY = "libc++";
				CLANG_ENABLE_MODULES = YES;
				CLANG_ENABLE_OBJC_ARC = YES;
				CLANG_WARN_BOOL_CONVERSION = YES;
				CLANG_WARN_CONSTANT_CONVERSION = YES;
				CLANG_WARN_DIRECT_OBJC_ISA_USAGE = YES_ERROR;
				CLANG_WARN_EMPTY_BODY = YES;
				CLANG_WARN_ENUM_CONVERSION = YES;
				CLANG_WARN_INT_CONVERSION = YES;
				CLANG_WARN_OBJC_ROOT_CLASS = YES_ERROR;
				CLANG_WARN_UNREACHABLE_CODE = YES;
				CLANG_WARN__DUPLICATE_METHOD_MATCH = YES;
				"CODE_SIGN_IDENTITY[sdk=iphoneos*]" = "iPhone Developer";
				COPY_PHASE_STRIP = YES;
				ENABLE_NS_ASSERTIONS = NO;
				ENABLE_STRICT_OBJC_MSGSEND = YES;
				GCC_C_LANGUAGE_STANDARD = gnu99;
				GCC_NO_COMMON_BLOCKS = NO;
				GCC_WARN_64_TO_32_BIT_CONVERSION = YES;
				GCC_WARN_ABOUT_RETURN_TYPE = YES_ERROR;
				GCC_WARN_UNDECLARED_SELECTOR = YES;
				GCC_WARN_UNINITIALIZED_AUTOS = YES_AGGRESSIVE;
				GCC_WARN_UNUSED_FUNCTION = YES;
				GCC_WARN_UNUSED_VARIABLE = YES;
				IPHONEOS_DEPLOYMENT_TARGET = 8.1;
				MTL_ENABLE_DEBUG_INFO = NO;
				OTHER_LDFLAGS = "$(inherited)";
				SDKROOT = iphoneos;
				TARGETED_DEVICE_FAMILY = "1,2";
				VALIDATE_PRODUCT = YES;
			};
			name = Release;
		};
		75FB6DFA1D817CE000CBFDE4 /* Debug */ = {
			isa = XCBuildConfiguration;
			baseConfigurationReference = 3320C60F2A234FBA408DAE01 /* Pods-HelloVizuryIos.debug.xcconfig */;
			buildSettings = {
				ASSETCATALOG_COMPILER_APPICON_NAME = AppIcon;
				CODE_SIGN_IDENTITY = "iPhone Developer";
				FRAMEWORK_SEARCH_PATHS = (
					"$(inherited)",
					"/Users/anurag/Documents/app2app/vizury-ios-sdk.git",
					"$(PROJECT_DIR)",
					/Users/anurag/Desktop/vizurgEventLogger,
					fwk/bitcode,
					enabled,
					/Users/anurag/Desktop/vizurgEventLogger,
					fwk/bitcode,
					"disabled(old)",
				);
				GCC_NO_COMMON_BLOCKS = NO;
				INFOPLIST_FILE = HelloVizuryIos/Info.plist;
				LD_QUOTE_LINKER_ARGUMENTS_FOR_COMPILER_DRIVER = YES;
				LD_RUNPATH_SEARCH_PATHS = "$(inherited) @executable_path/Frameworks";
				OTHER_LDFLAGS = (
					"-l\"GGLCloudMessaging\"",
					"-l\"GGLCore\"",
					"-l\"GGLInstanceIDLib\"",
					"-l\"GcmLib\"",
					"-l\"sqlite3\"",
					"-l\"stdc++\"",
					"-l\"z\"",
					"-framework",
					"\"AddressBook\"",
					"-framework",
					"\"AssetsLibrary\"",
					"-framework",
					"\"CoreFoundation\"",
					"-framework",
					"\"CoreGraphics\"",
					"-framework",
					"\"CoreLocation\"",
					"-framework",
					"\"CoreMotion\"",
					"-framework",
					"\"GoogleIPhoneUtilities\"",
					"-framework",
					"\"GoogleInterchangeUtilities\"",
					"-framework",
					"\"GoogleNetworkingUtilities\"",
					"-framework",
					"\"GoogleSymbolUtilities\"",
					"-framework",
					"\"GoogleUtilities\"",
					"-framework",
					"\"MessageUI\"",
					"-framework",
					"\"Security\"",
					"-framework",
					"$(inherited)",
					"\"SystemConfiguration\"",
				);
				PRODUCT_NAME = "$(TARGET_NAME)";
			};
			name = Debug;
		};
		75FB6DFB1D817CE000CBFDE4 /* Release */ = {
			isa = XCBuildConfiguration;
			baseConfigurationReference = 7B7A7A855E3079016634A3AF /* Pods-HelloVizuryIos.release.xcconfig */;
			buildSettings = {
				ASSETCATALOG_COMPILER_APPICON_NAME = AppIcon;
				CODE_SIGN_IDENTITY = "iPhone Developer";
				FRAMEWORK_SEARCH_PATHS = (
					"$(inherited)",
					"/Users/anurag/Documents/app2app/vizury-ios-sdk.git",
					"$(PROJECT_DIR)",
					/Users/anurag/Desktop/vizurgEventLogger,
					fwk/bitcode,
					enabled,
					/Users/anurag/Desktop/vizurgEventLogger,
					fwk/bitcode,
					"disabled(old)",
				);
				GCC_NO_COMMON_BLOCKS = NO;
				INFOPLIST_FILE = HelloVizuryIos/Info.plist;
				LD_QUOTE_LINKER_ARGUMENTS_FOR_COMPILER_DRIVER = YES;
				LD_RUNPATH_SEARCH_PATHS = "$(inherited) @executable_path/Frameworks";
				OTHER_LDFLAGS = (
					"-l\"GGLCloudMessaging\"",
					"-l\"GGLCore\"",
					"-l\"GGLInstanceIDLib\"",
					"-l\"GcmLib\"",
					"-l\"sqlite3\"",
					"-l\"stdc++\"",
					"-l\"z\"",
					"-framework",
					"\"AddressBook\"",
					"-framework",
					"\"AssetsLibrary\"",
					"-framework",
					"\"CoreFoundation\"",
					"-framework",
					"\"CoreGraphics\"",
					"-framework",
					"\"CoreLocation\"",
					"-framework",
					"\"CoreMotion\"",
					"-framework",
					"\"GoogleIPhoneUtilities\"",
					"-framework",
					"\"GoogleInterchangeUtilities\"",
					"-framework",
					"\"GoogleNetworkingUtilities\"",
					"-framework",
					"\"GoogleSymbolUtilities\"",
					"-framework",
					"\"GoogleUtilities\"",
					"-framework",
					"\"MessageUI\"",
					"-framework",
					"\"Security\"",
					"-framework",
					"$(inherited)",
					"\"SystemConfiguration\"",
				);
				PRODUCT_NAME = "$(TARGET_NAME)";
			};
			name = Release;
		};
		75FB6DFD1D817CE000CBFDE4 /* Debug */ = {
			isa = XCBuildConfiguration;
			baseConfigurationReference = E726CB30DE5489969EDD1AA7 /* Pods-HelloVizuryIosTests.debug.xcconfig */;
			buildSettings = {
				BUNDLE_LOADER = "$(TEST_HOST)";
				FRAMEWORK_SEARCH_PATHS = (
					"$(SDKROOT)/Developer/Library/Frameworks",
					"$(inherited)",
				);
				GCC_PREPROCESSOR_DEFINITIONS = (
					"DEBUG=1",
					"$(inherited)",
				);
				INFOPLIST_FILE = HelloVizuryIosTests/Info.plist;
				LD_RUNPATH_SEARCH_PATHS = "$(inherited) @executable_path/Frameworks @loader_path/Frameworks";
				PRODUCT_NAME = "$(TARGET_NAME)";
				TEST_HOST = "$(BUILT_PRODUCTS_DIR)/HelloVizuryIos.app/HelloVizuryIos";
			};
			name = Debug;
		};
		75FB6DFE1D817CE000CBFDE4 /* Release */ = {
			isa = XCBuildConfiguration;
			baseConfigurationReference = 7732D010631524AA578616BB /* Pods-HelloVizuryIosTests.release.xcconfig */;
			buildSettings = {
				BUNDLE_LOADER = "$(TEST_HOST)";
				FRAMEWORK_SEARCH_PATHS = (
					"$(SDKROOT)/Developer/Library/Frameworks",
					"$(inherited)",
				);
				INFOPLIST_FILE = HelloVizuryIosTests/Info.plist;
				LD_RUNPATH_SEARCH_PATHS = "$(inherited) @executable_path/Frameworks @loader_path/Frameworks";
				PRODUCT_NAME = "$(TARGET_NAME)";
				TEST_HOST = "$(BUILT_PRODUCTS_DIR)/HelloVizuryIos.app/HelloVizuryIos";
			};
			name = Release;
		};
/* End XCBuildConfiguration section */

/* Begin XCConfigurationList section */
		75FB6DD11D817CDF00CBFDE4 /* Build configuration list for PBXProject "HelloVizuryIos" */ = {
			isa = XCConfigurationList;
			buildConfigurations = (
				75FB6DF71D817CE000CBFDE4 /* Debug */,
				75FB6DF81D817CE000CBFDE4 /* Release */,
			);
			defaultConfigurationIsVisible = 0;
			defaultConfigurationName = Release;
		};
		75FB6DF91D817CE000CBFDE4 /* Build configuration list for PBXNativeTarget "HelloVizuryIos" */ = {
			isa = XCConfigurationList;
			buildConfigurations = (
				75FB6DFA1D817CE000CBFDE4 /* Debug */,
				75FB6DFB1D817CE000CBFDE4 /* Release */,
			);
			defaultConfigurationIsVisible = 0;
			defaultConfigurationName = Release;
		};
		75FB6DFC1D817CE000CBFDE4 /* Build configuration list for PBXNativeTarget "HelloVizuryIosTests" */ = {
			isa = XCConfigurationList;
			buildConfigurations = (
				75FB6DFD1D817CE000CBFDE4 /* Debug */,
				75FB6DFE1D817CE000CBFDE4 /* Release */,
			);
			defaultConfigurationIsVisible = 0;
			defaultConfigurationName = Release;
		};
/* End XCConfigurationList section */
	};
	rootObject = 75FB6DCE1D817CDF00CBFDE4 /* Project object */;
}
